// !$*UTF8*$!
{
	archiveVersion = 1;
	classes = {
	};
	objectVersion = 51;
	objects = {

/* Begin PBXBuildFile section */
		C640CD9A15AA1F6677924A68 /* Pods_6_to_do.framework in Frameworks */ = {isa = PBXBuildFile; fileRef = 13B7FB1E701505BCDDE02D82 /* Pods_6_to_do.framework */; };
		D119279326464B9A00A2DE0F /* UIColorRGBExtension.swift in Sources */ = {isa = PBXBuildFile; fileRef = D119279226464B9A00A2DE0F /* UIColorRGBExtension.swift */; };
		D119279726464C3500A2DE0F /* UserDefaultsKeyExtension.swift in Sources */ = {isa = PBXBuildFile; fileRef = D119279626464C3500A2DE0F /* UserDefaultsKeyExtension.swift */; };
		D125B4932680E177000D7D88 /* HistoryDateCell.swift in Sources */ = {isa = PBXBuildFile; fileRef = D125B4912680E177000D7D88 /* HistoryDateCell.swift */; };
		D125B4942680E177000D7D88 /* HistoryDateCell.xib in Resources */ = {isa = PBXBuildFile; fileRef = D125B4922680E177000D7D88 /* HistoryDateCell.xib */; };
		D14355F0263973D600CE805A /* TextInput.storyboard in Resources */ = {isa = PBXBuildFile; fileRef = D14355EF263973D600CE805A /* TextInput.storyboard */; };
		D14355F32639793100CE805A /* ShowList.storyboard in Resources */ = {isa = PBXBuildFile; fileRef = D14355F22639793100CE805A /* ShowList.storyboard */; };
		D14355F626397C1E00CE805A /* Setting.storyboard in Resources */ = {isa = PBXBuildFile; fileRef = D14355F526397C1E00CE805A /* Setting.storyboard */; };
		D14355F926397CC400CE805A /* WhatIs.storyboard in Resources */ = {isa = PBXBuildFile; fileRef = D14355F826397CC400CE805A /* WhatIs.storyboard */; };
		D151C1B5260B3F3400875252 /* Constants.swift in Sources */ = {isa = PBXBuildFile; fileRef = D151C1B4260B3F3400875252 /* Constants.swift */; };
		D16EB71D25E7A41300548D99 /* TaskShowCell.swift in Sources */ = {isa = PBXBuildFile; fileRef = D16EB71B25E7A41300548D99 /* TaskShowCell.swift */; };
		D16EB71E25E7A41300548D99 /* TaskShowCell.xib in Resources */ = {isa = PBXBuildFile; fileRef = D16EB71C25E7A41300548D99 /* TaskShowCell.xib */; };
		D16EB72C25E92D2700548D99 /* SettingTableViewController.swift in Sources */ = {isa = PBXBuildFile; fileRef = D16EB72B25E92D2700548D99 /* SettingTableViewController.swift */; };
		D16EB73025E952D600548D99 /* WhatIsViewController.swift in Sources */ = {isa = PBXBuildFile; fileRef = D16EB72F25E952D600548D99 /* WhatIsViewController.swift */; };
		D16EB73325E952E000548D99 /* TwitterViewController.swift in Sources */ = {isa = PBXBuildFile; fileRef = D16EB73225E952E000548D99 /* TwitterViewController.swift */; };
		D16F0201263E8BFE00419840 /* BannerSetUpExtension.swift in Sources */ = {isa = PBXBuildFile; fileRef = D16F0200263E8BFE00419840 /* BannerSetUpExtension.swift */; };
		D17658A526396C0200431794 /* Twitter.storyboard in Resources */ = {isa = PBXBuildFile; fileRef = D17658A426396C0200431794 /* Twitter.storyboard */; };
		D18D70F7264650070066762B /* SegueKeyExtension.swift in Sources */ = {isa = PBXBuildFile; fileRef = D18D70F6264650070066762B /* SegueKeyExtension.swift */; };
		D1921808267EBA90005EF3F7 /* History.swift in Sources */ = {isa = PBXBuildFile; fileRef = D1921807267EBA90005EF3F7 /* History.swift */; };
		D192180A267EBE85005EF3F7 /* JsonEncoder.swift in Sources */ = {isa = PBXBuildFile; fileRef = D1921809267EBE85005EF3F7 /* JsonEncoder.swift */; };
		D192180C267EC2F6005EF3F7 /* Task.swift in Sources */ = {isa = PBXBuildFile; fileRef = D192180B267EC2F6005EF3F7 /* Task.swift */; };
		D1BF9C24263A792E0056E4D2 /* CountAnimateLabel.swift in Sources */ = {isa = PBXBuildFile; fileRef = D1BF9C23263A792E0056E4D2 /* CountAnimateLabel.swift */; };
		D1D1E54325E6881600240268 /* AppDelegate.swift in Sources */ = {isa = PBXBuildFile; fileRef = D1D1E54225E6881600240268 /* AppDelegate.swift */; };
		D1D1E54525E6881600240268 /* SceneDelegate.swift in Sources */ = {isa = PBXBuildFile; fileRef = D1D1E54425E6881600240268 /* SceneDelegate.swift */; };
		D1D1E54725E6881600240268 /* TopViewController.swift in Sources */ = {isa = PBXBuildFile; fileRef = D1D1E54625E6881600240268 /* TopViewController.swift */; };
		D1D1E54A25E6881600240268 /* Top.storyboard in Resources */ = {isa = PBXBuildFile; fileRef = D1D1E54825E6881600240268 /* Top.storyboard */; };
		D1D1E54C25E6881900240268 /* Assets.xcassets in Resources */ = {isa = PBXBuildFile; fileRef = D1D1E54B25E6881900240268 /* Assets.xcassets */; };
		D1D1E54F25E6881900240268 /* LaunchScreen.storyboard in Resources */ = {isa = PBXBuildFile; fileRef = D1D1E54D25E6881900240268 /* LaunchScreen.storyboard */; };
		D1D1E56E25E70EBC00240268 /* ShowListViewController.swift in Sources */ = {isa = PBXBuildFile; fileRef = D1D1E56D25E70EBC00240268 /* ShowListViewController.swift */; };
		D1D1E57925E7307B00240268 /* TextInputViewController.swift in Sources */ = {isa = PBXBuildFile; fileRef = D1D1E57725E7307B00240268 /* TextInputViewController.swift */; };
		D1D1E58525E73C0000240268 /* TextInputCell.swift in Sources */ = {isa = PBXBuildFile; fileRef = D1D1E58325E73C0000240268 /* TextInputCell.swift */; };
		D1D1E58625E73C0000240268 /* TextInputCell.xib in Resources */ = {isa = PBXBuildFile; fileRef = D1D1E58425E73C0000240268 /* TextInputCell.xib */; };
		D1F613BD262D31350043B762 /* AlertPresentExtension.swift in Sources */ = {isa = PBXBuildFile; fileRef = D1F613BC262D31350043B762 /* AlertPresentExtension.swift */; };
		D1F92313267E5285000B4E46 /* HistoryViewController.swift in Sources */ = {isa = PBXBuildFile; fileRef = D1F92312267E5285000B4E46 /* HistoryViewController.swift */; };
		D1F92315267E5297000B4E46 /* History.storyboard in Resources */ = {isa = PBXBuildFile; fileRef = D1F92314267E5297000B4E46 /* History.storyboard */; };
		D1F92317267E5C52000B4E46 /* UILabelExtension.swift in Sources */ = {isa = PBXBuildFile; fileRef = D1F92316267E5C52000B4E46 /* UILabelExtension.swift */; };
		D1F9231A267E6260000B4E46 /* ProjectColor.swift in Sources */ = {isa = PBXBuildFile; fileRef = D1F92319267E6260000B4E46 /* ProjectColor.swift */; };
/* End PBXBuildFile section */

/* Begin PBXFileReference section */
		13B7FB1E701505BCDDE02D82 /* Pods_6_to_do.framework */ = {isa = PBXFileReference; explicitFileType = wrapper.framework; includeInIndex = 0; path = Pods_6_to_do.framework; sourceTree = BUILT_PRODUCTS_DIR; };
		3F722FA33765F24EAC1E1631 /* Pods-6 to-do.release.xcconfig */ = {isa = PBXFileReference; includeInIndex = 1; lastKnownFileType = text.xcconfig; name = "Pods-6 to-do.release.xcconfig"; path = "Target Support Files/Pods-6 to-do/Pods-6 to-do.release.xcconfig"; sourceTree = "<group>"; };
		82B9EFE4432E8DBED5BC19DA /* Pods-6 to-do.debug.xcconfig */ = {isa = PBXFileReference; includeInIndex = 1; lastKnownFileType = text.xcconfig; name = "Pods-6 to-do.debug.xcconfig"; path = "Target Support Files/Pods-6 to-do/Pods-6 to-do.debug.xcconfig"; sourceTree = "<group>"; };
		D119279226464B9A00A2DE0F /* UIColorRGBExtension.swift */ = {isa = PBXFileReference; lastKnownFileType = sourcecode.swift; path = UIColorRGBExtension.swift; sourceTree = "<group>"; };
		D119279626464C3500A2DE0F /* UserDefaultsKeyExtension.swift */ = {isa = PBXFileReference; lastKnownFileType = sourcecode.swift; path = UserDefaultsKeyExtension.swift; sourceTree = "<group>"; };
		D125B4912680E177000D7D88 /* HistoryDateCell.swift */ = {isa = PBXFileReference; lastKnownFileType = sourcecode.swift; path = HistoryDateCell.swift; sourceTree = "<group>"; };
		D125B4922680E177000D7D88 /* HistoryDateCell.xib */ = {isa = PBXFileReference; lastKnownFileType = file.xib; path = HistoryDateCell.xib; sourceTree = "<group>"; };
		D14355EF263973D600CE805A /* TextInput.storyboard */ = {isa = PBXFileReference; lastKnownFileType = file.storyboard; path = TextInput.storyboard; sourceTree = "<group>"; };
		D14355F22639793100CE805A /* ShowList.storyboard */ = {isa = PBXFileReference; lastKnownFileType = file.storyboard; path = ShowList.storyboard; sourceTree = "<group>"; };
		D14355F526397C1E00CE805A /* Setting.storyboard */ = {isa = PBXFileReference; lastKnownFileType = file.storyboard; path = Setting.storyboard; sourceTree = "<group>"; };
		D14355F826397CC400CE805A /* WhatIs.storyboard */ = {isa = PBXFileReference; lastKnownFileType = file.storyboard; path = WhatIs.storyboard; sourceTree = "<group>"; };
		D151C1B4260B3F3400875252 /* Constants.swift */ = {isa = PBXFileReference; lastKnownFileType = sourcecode.swift; path = Constants.swift; sourceTree = "<group>"; };
		D16EB71B25E7A41300548D99 /* TaskShowCell.swift */ = {isa = PBXFileReference; lastKnownFileType = sourcecode.swift; path = TaskShowCell.swift; sourceTree = "<group>"; };
		D16EB71C25E7A41300548D99 /* TaskShowCell.xib */ = {isa = PBXFileReference; lastKnownFileType = file.xib; path = TaskShowCell.xib; sourceTree = "<group>"; };
		D16EB72B25E92D2700548D99 /* SettingTableViewController.swift */ = {isa = PBXFileReference; lastKnownFileType = sourcecode.swift; path = SettingTableViewController.swift; sourceTree = "<group>"; };
		D16EB72F25E952D600548D99 /* WhatIsViewController.swift */ = {isa = PBXFileReference; lastKnownFileType = sourcecode.swift; path = WhatIsViewController.swift; sourceTree = "<group>"; };
		D16EB73225E952E000548D99 /* TwitterViewController.swift */ = {isa = PBXFileReference; lastKnownFileType = sourcecode.swift; path = TwitterViewController.swift; sourceTree = "<group>"; };
		D16F0200263E8BFE00419840 /* BannerSetUpExtension.swift */ = {isa = PBXFileReference; lastKnownFileType = sourcecode.swift; path = BannerSetUpExtension.swift; sourceTree = "<group>"; };
		D17658A426396C0200431794 /* Twitter.storyboard */ = {isa = PBXFileReference; lastKnownFileType = file.storyboard; path = Twitter.storyboard; sourceTree = "<group>"; };
		D18D70F6264650070066762B /* SegueKeyExtension.swift */ = {isa = PBXFileReference; lastKnownFileType = sourcecode.swift; path = SegueKeyExtension.swift; sourceTree = "<group>"; };
		D1921807267EBA90005EF3F7 /* History.swift */ = {isa = PBXFileReference; lastKnownFileType = sourcecode.swift; path = History.swift; sourceTree = "<group>"; };
		D1921809267EBE85005EF3F7 /* JsonEncoder.swift */ = {isa = PBXFileReference; lastKnownFileType = sourcecode.swift; path = JsonEncoder.swift; sourceTree = "<group>"; };
		D192180B267EC2F6005EF3F7 /* Task.swift */ = {isa = PBXFileReference; lastKnownFileType = sourcecode.swift; path = Task.swift; sourceTree = "<group>"; };
		D1BF9C23263A792E0056E4D2 /* CountAnimateLabel.swift */ = {isa = PBXFileReference; lastKnownFileType = sourcecode.swift; path = CountAnimateLabel.swift; sourceTree = "<group>"; };
		D1D1E53F25E6881600240268 /* 6 to-do.app */ = {isa = PBXFileReference; explicitFileType = wrapper.application; includeInIndex = 0; path = "6 to-do.app"; sourceTree = BUILT_PRODUCTS_DIR; };
		D1D1E54225E6881600240268 /* AppDelegate.swift */ = {isa = PBXFileReference; lastKnownFileType = sourcecode.swift; path = AppDelegate.swift; sourceTree = "<group>"; };
		D1D1E54425E6881600240268 /* SceneDelegate.swift */ = {isa = PBXFileReference; lastKnownFileType = sourcecode.swift; path = SceneDelegate.swift; sourceTree = "<group>"; };
		D1D1E54625E6881600240268 /* TopViewController.swift */ = {isa = PBXFileReference; lastKnownFileType = sourcecode.swift; path = TopViewController.swift; sourceTree = "<group>"; };
		D1D1E54925E6881600240268 /* Base */ = {isa = PBXFileReference; lastKnownFileType = file.storyboard; name = Base; path = Base.lproj/Top.storyboard; sourceTree = "<group>"; };
		D1D1E54B25E6881900240268 /* Assets.xcassets */ = {isa = PBXFileReference; lastKnownFileType = folder.assetcatalog; path = Assets.xcassets; sourceTree = "<group>"; };
		D1D1E54E25E6881900240268 /* Base */ = {isa = PBXFileReference; lastKnownFileType = file.storyboard; name = Base; path = Base.lproj/LaunchScreen.storyboard; sourceTree = "<group>"; };
		D1D1E55025E6881900240268 /* Info.plist */ = {isa = PBXFileReference; lastKnownFileType = text.plist.xml; path = Info.plist; sourceTree = "<group>"; };
		D1D1E56D25E70EBC00240268 /* ShowListViewController.swift */ = {isa = PBXFileReference; lastKnownFileType = sourcecode.swift; path = ShowListViewController.swift; sourceTree = "<group>"; };
		D1D1E57725E7307B00240268 /* TextInputViewController.swift */ = {isa = PBXFileReference; lastKnownFileType = sourcecode.swift; path = TextInputViewController.swift; sourceTree = "<group>"; };
		D1D1E58325E73C0000240268 /* TextInputCell.swift */ = {isa = PBXFileReference; lastKnownFileType = sourcecode.swift; path = TextInputCell.swift; sourceTree = "<group>"; };
		D1D1E58425E73C0000240268 /* TextInputCell.xib */ = {isa = PBXFileReference; lastKnownFileType = file.xib; path = TextInputCell.xib; sourceTree = "<group>"; };
		D1F613BC262D31350043B762 /* AlertPresentExtension.swift */ = {isa = PBXFileReference; lastKnownFileType = sourcecode.swift; path = AlertPresentExtension.swift; sourceTree = "<group>"; };
		D1F92312267E5285000B4E46 /* HistoryViewController.swift */ = {isa = PBXFileReference; lastKnownFileType = sourcecode.swift; path = HistoryViewController.swift; sourceTree = "<group>"; };
		D1F92314267E5297000B4E46 /* History.storyboard */ = {isa = PBXFileReference; lastKnownFileType = file.storyboard; path = History.storyboard; sourceTree = "<group>"; };
		D1F92316267E5C52000B4E46 /* UILabelExtension.swift */ = {isa = PBXFileReference; lastKnownFileType = sourcecode.swift; path = UILabelExtension.swift; sourceTree = "<group>"; };
		D1F92319267E6260000B4E46 /* ProjectColor.swift */ = {isa = PBXFileReference; lastKnownFileType = sourcecode.swift; path = ProjectColor.swift; sourceTree = "<group>"; };
/* End PBXFileReference section */

/* Begin PBXFrameworksBuildPhase section */
		D1D1E53C25E6881600240268 /* Frameworks */ = {
			isa = PBXFrameworksBuildPhase;
			buildActionMask = 2147483647;
			files = (
				C640CD9A15AA1F6677924A68 /* Pods_6_to_do.framework in Frameworks */,
			);
			runOnlyForDeploymentPostprocessing = 0;
		};
/* End PBXFrameworksBuildPhase section */

/* Begin PBXGroup section */
		0AC3FB5D1C7203585F7931FE /* Frameworks */ = {
			isa = PBXGroup;
			children = (
				13B7FB1E701505BCDDE02D82 /* Pods_6_to_do.framework */,
			);
			name = Frameworks;
			sourceTree = "<group>";
		};
		BF45538490C2DF051BEE7457 /* Pods */ = {
			isa = PBXGroup;
			children = (
				82B9EFE4432E8DBED5BC19DA /* Pods-6 to-do.debug.xcconfig */,
				3F722FA33765F24EAC1E1631 /* Pods-6 to-do.release.xcconfig */,
			);
			path = Pods;
			sourceTree = "<group>";
		};
		D119278D264648EB00A2DE0F /* Extensions */ = {
			isa = PBXGroup;
			children = (
				D1F613BC262D31350043B762 /* AlertPresentExtension.swift */,
				D16F0200263E8BFE00419840 /* BannerSetUpExtension.swift */,
				D119279226464B9A00A2DE0F /* UIColorRGBExtension.swift */,
				D119279626464C3500A2DE0F /* UserDefaultsKeyExtension.swift */,
				D18D70F6264650070066762B /* SegueKeyExtension.swift */,
				D1F92316267E5C52000B4E46 /* UILabelExtension.swift */,
			);
			path = Extensions;
			sourceTree = "<group>";
		};
		D16EB71825E7968E00548D99 /* Cells */ = {
			isa = PBXGroup;
			children = (
				D1D1E58425E73C0000240268 /* TextInputCell.xib */,
				D16EB71C25E7A41300548D99 /* TaskShowCell.xib */,
				D1D1E58325E73C0000240268 /* TextInputCell.swift */,
				D16EB71B25E7A41300548D99 /* TaskShowCell.swift */,
				D125B4912680E177000D7D88 /* HistoryDateCell.swift */,
				D125B4922680E177000D7D88 /* HistoryDateCell.xib */,
			);
			path = Cells;
			sourceTree = "<group>";
		};
		D1D1E53625E6881600240268 = {
			isa = PBXGroup;
			children = (
				D1D1E54125E6881600240268 /* 6 to-do */,
				D1D1E54025E6881600240268 /* Products */,
				BF45538490C2DF051BEE7457 /* Pods */,
				0AC3FB5D1C7203585F7931FE /* Frameworks */,
			);
			sourceTree = "<group>";
		};
		D1D1E54025E6881600240268 /* Products */ = {
			isa = PBXGroup;
			children = (
				D1D1E53F25E6881600240268 /* 6 to-do.app */,
			);
			name = Products;
			sourceTree = "<group>";
		};
		D1D1E54125E6881600240268 /* 6 to-do */ = {
			isa = PBXGroup;
			children = (
				D1F92307267E435A000B4E46 /* Classes */,
				D1D1E55025E6881900240268 /* Info.plist */,
				D1D1E54B25E6881900240268 /* Assets.xcassets */,
			);
			path = "6 to-do";
			sourceTree = "<group>";
		};
		D1D1E55925E68B9900240268 /* Models */ = {
			isa = PBXGroup;
			children = (
				D1D1E54225E6881600240268 /* AppDelegate.swift */,
				D1D1E54425E6881600240268 /* SceneDelegate.swift */,
				D1F9230F267E43DD000B4E46 /* Launch */,
				D1F92308267E4383000B4E46 /* Top */,
				D1F92309267E438D000B4E46 /* ShowList */,
				D1F9230A267E4398000B4E46 /* TextInput */,
				D1F9230B267E43A1000B4E46 /* Setting */,
				D1F9230C267E43A8000B4E46 /* WhatIs */,
				D1F9230D267E43AE000B4E46 /* Twitter */,
				D1F92311267E523C000B4E46 /* History */,
				D1921807267EBA90005EF3F7 /* History.swift */,
				D192180B267EC2F6005EF3F7 /* Task.swift */,
			);
			path = Models;
			sourceTree = "<group>";
		};
		D1F92305267E4309000B4E46 /* Commons */ = {
			isa = PBXGroup;
			children = (
				D1F92318267E622C000B4E46 /* Utilities */,
				D16EB71825E7968E00548D99 /* Cells */,
				D119278D264648EB00A2DE0F /* Extensions */,
				D1BF9C23263A792E0056E4D2 /* CountAnimateLabel.swift */,
			);
			path = Commons;
			sourceTree = "<group>";
		};
		D1F92307267E435A000B4E46 /* Classes */ = {
			isa = PBXGroup;
			children = (
				D1D1E55925E68B9900240268 /* Models */,
				D1F92305267E4309000B4E46 /* Commons */,
			);
			path = Classes;
			sourceTree = "<group>";
		};
		D1F92308267E4383000B4E46 /* Top */ = {
			isa = PBXGroup;
			children = (
				D1D1E54625E6881600240268 /* TopViewController.swift */,
				D1D1E54825E6881600240268 /* Top.storyboard */,
			);
			path = Top;
			sourceTree = "<group>";
		};
		D1F92309267E438D000B4E46 /* ShowList */ = {
			isa = PBXGroup;
			children = (
				D1D1E56D25E70EBC00240268 /* ShowListViewController.swift */,
				D14355F22639793100CE805A /* ShowList.storyboard */,
			);
			path = ShowList;
			sourceTree = "<group>";
		};
		D1F9230A267E4398000B4E46 /* TextInput */ = {
			isa = PBXGroup;
			children = (
				D1D1E57725E7307B00240268 /* TextInputViewController.swift */,
				D14355EF263973D600CE805A /* TextInput.storyboard */,
			);
			path = TextInput;
			sourceTree = "<group>";
		};
		D1F9230B267E43A1000B4E46 /* Setting */ = {
			isa = PBXGroup;
			children = (
				D16EB72B25E92D2700548D99 /* SettingTableViewController.swift */,
				D14355F526397C1E00CE805A /* Setting.storyboard */,
			);
			path = Setting;
			sourceTree = "<group>";
		};
		D1F9230C267E43A8000B4E46 /* WhatIs */ = {
			isa = PBXGroup;
			children = (
				D16EB72F25E952D600548D99 /* WhatIsViewController.swift */,
				D14355F826397CC400CE805A /* WhatIs.storyboard */,
			);
			path = WhatIs;
			sourceTree = "<group>";
		};
		D1F9230D267E43AE000B4E46 /* Twitter */ = {
			isa = PBXGroup;
			children = (
				D16EB73225E952E000548D99 /* TwitterViewController.swift */,
				D17658A426396C0200431794 /* Twitter.storyboard */,
			);
			path = Twitter;
			sourceTree = "<group>";
		};
		D1F9230F267E43DD000B4E46 /* Launch */ = {
			isa = PBXGroup;
			children = (
				D1D1E54D25E6881900240268 /* LaunchScreen.storyboard */,
			);
			path = Launch;
			sourceTree = "<group>";
		};
		D1F92311267E523C000B4E46 /* History */ = {
			isa = PBXGroup;
			children = (
				D1F92312267E5285000B4E46 /* HistoryViewController.swift */,
				D1F92314267E5297000B4E46 /* History.storyboard */,
			);
			path = History;
			sourceTree = "<group>";
		};
		D1F92318267E622C000B4E46 /* Utilities */ = {
			isa = PBXGroup;
			children = (
				D151C1B4260B3F3400875252 /* Constants.swift */,
				D1F92319267E6260000B4E46 /* ProjectColor.swift */,
				D1921809267EBE85005EF3F7 /* JsonEncoder.swift */,
			);
			path = Utilities;
			sourceTree = "<group>";
		};
/* End PBXGroup section */

/* Begin PBXNativeTarget section */
		D1D1E53E25E6881600240268 /* 6 to-do */ = {
			isa = PBXNativeTarget;
			buildConfigurationList = D1D1E55325E6881900240268 /* Build configuration list for PBXNativeTarget "6 to-do" */;
			buildPhases = (
				155C2F7FACDC0DC9D60E5314 /* [CP] Check Pods Manifest.lock */,
				D1D1E53B25E6881600240268 /* Sources */,
				D1D1E53C25E6881600240268 /* Frameworks */,
				D1D1E53D25E6881600240268 /* Resources */,
				E5939A7AF93420BD02040F12 /* [CP] Embed Pods Frameworks */,
			);
			buildRules = (
			);
			dependencies = (
			);
			name = "6 to-do";
			productName = "6 to-do";
			productReference = D1D1E53F25E6881600240268 /* 6 to-do.app */;
			productType = "com.apple.product-type.application";
		};
/* End PBXNativeTarget section */

/* Begin PBXProject section */
		D1D1E53725E6881600240268 /* Project object */ = {
			isa = PBXProject;
			attributes = {
				LastSwiftUpdateCheck = 1240;
				LastUpgradeCheck = 1240;
				TargetAttributes = {
					D1D1E53E25E6881600240268 = {
						CreatedOnToolsVersion = 12.4;
					};
				};
			};
			buildConfigurationList = D1D1E53A25E6881600240268 /* Build configuration list for PBXProject "6 to-do" */;
			compatibilityVersion = "Xcode 9.3";
			developmentRegion = en;
			hasScannedForEncodings = 0;
			knownRegions = (
				en,
				Base,
			);
			mainGroup = D1D1E53625E6881600240268;
			productRefGroup = D1D1E54025E6881600240268 /* Products */;
			projectDirPath = "";
			projectRoot = "";
			targets = (
				D1D1E53E25E6881600240268 /* 6 to-do */,
			);
		};
/* End PBXProject section */

/* Begin PBXResourcesBuildPhase section */
		D1D1E53D25E6881600240268 /* Resources */ = {
			isa = PBXResourcesBuildPhase;
			buildActionMask = 2147483647;
			files = (
				D14355F0263973D600CE805A /* TextInput.storyboard in Resources */,
				D125B4942680E177000D7D88 /* HistoryDateCell.xib in Resources */,
				D1D1E54F25E6881900240268 /* LaunchScreen.storyboard in Resources */,
				D1D1E54C25E6881900240268 /* Assets.xcassets in Resources */,
				D1D1E54A25E6881600240268 /* Top.storyboard in Resources */,
				D17658A526396C0200431794 /* Twitter.storyboard in Resources */,
				D1D1E58625E73C0000240268 /* TextInputCell.xib in Resources */,
				D14355F32639793100CE805A /* ShowList.storyboard in Resources */,
				D14355F926397CC400CE805A /* WhatIs.storyboard in Resources */,
				D16EB71E25E7A41300548D99 /* TaskShowCell.xib in Resources */,
				D1F92315267E5297000B4E46 /* History.storyboard in Resources */,
				D14355F626397C1E00CE805A /* Setting.storyboard in Resources */,
			);
			runOnlyForDeploymentPostprocessing = 0;
		};
/* End PBXResourcesBuildPhase section */

/* Begin PBXShellScriptBuildPhase section */
		155C2F7FACDC0DC9D60E5314 /* [CP] Check Pods Manifest.lock */ = {
			isa = PBXShellScriptBuildPhase;
			buildActionMask = 2147483647;
			files = (
			);
			inputFileListPaths = (
			);
			inputPaths = (
				"${PODS_PODFILE_DIR_PATH}/Podfile.lock",
				"${PODS_ROOT}/Manifest.lock",
			);
			name = "[CP] Check Pods Manifest.lock";
			outputFileListPaths = (
			);
			outputPaths = (
				"$(DERIVED_FILE_DIR)/Pods-6 to-do-checkManifestLockResult.txt",
			);
			runOnlyForDeploymentPostprocessing = 0;
			shellPath = /bin/sh;
			shellScript = "diff \"${PODS_PODFILE_DIR_PATH}/Podfile.lock\" \"${PODS_ROOT}/Manifest.lock\" > /dev/null\nif [ $? != 0 ] ; then\n    # print error to STDERR\n    echo \"error: The sandbox is not in sync with the Podfile.lock. Run 'pod install' or update your CocoaPods installation.\" >&2\n    exit 1\nfi\n# This output is used by Xcode 'outputs' to avoid re-running this script phase.\necho \"SUCCESS\" > \"${SCRIPT_OUTPUT_FILE_0}\"\n";
			showEnvVarsInLog = 0;
		};
		E5939A7AF93420BD02040F12 /* [CP] Embed Pods Frameworks */ = {
			isa = PBXShellScriptBuildPhase;
			buildActionMask = 2147483647;
			files = (
			);
			inputFileListPaths = (
				"${PODS_ROOT}/Target Support Files/Pods-6 to-do/Pods-6 to-do-frameworks-${CONFIGURATION}-input-files.xcfilelist",
			);
			name = "[CP] Embed Pods Frameworks";
			outputFileListPaths = (
				"${PODS_ROOT}/Target Support Files/Pods-6 to-do/Pods-6 to-do-frameworks-${CONFIGURATION}-output-files.xcfilelist",
			);
			runOnlyForDeploymentPostprocessing = 0;
			shellPath = /bin/sh;
			shellScript = "\"${PODS_ROOT}/Target Support Files/Pods-6 to-do/Pods-6 to-do-frameworks.sh\"\n";
			showEnvVarsInLog = 0;
		};
/* End PBXShellScriptBuildPhase section */

/* Begin PBXSourcesBuildPhase section */
		D1D1E53B25E6881600240268 /* Sources */ = {
			isa = PBXSourcesBuildPhase;
			buildActionMask = 2147483647;
			files = (
				D16EB73325E952E000548D99 /* TwitterViewController.swift in Sources */,
				D119279726464C3500A2DE0F /* UserDefaultsKeyExtension.swift in Sources */,
				D1D1E54725E6881600240268 /* TopViewController.swift in Sources */,
				D16EB71D25E7A41300548D99 /* TaskShowCell.swift in Sources */,
				D1D1E58525E73C0000240268 /* TextInputCell.swift in Sources */,
				D151C1B5260B3F3400875252 /* Constants.swift in Sources */,
				D1F613BD262D31350043B762 /* AlertPresentExtension.swift in Sources */,
				D16EB72C25E92D2700548D99 /* SettingTableViewController.swift in Sources */,
				D18D70F7264650070066762B /* SegueKeyExtension.swift in Sources */,
				D1D1E57925E7307B00240268 /* TextInputViewController.swift in Sources */,
				D1D1E54325E6881600240268 /* AppDelegate.swift in Sources */,
				D1F92317267E5C52000B4E46 /* UILabelExtension.swift in Sources */,
				D16EB73025E952D600548D99 /* WhatIsViewController.swift in Sources */,
				D1921808267EBA90005EF3F7 /* History.swift in Sources */,
				D1D1E56E25E70EBC00240268 /* ShowListViewController.swift in Sources */,
				D192180C267EC2F6005EF3F7 /* Task.swift in Sources */,
				D192180A267EBE85005EF3F7 /* JsonEncoder.swift in Sources */,
				D16F0201263E8BFE00419840 /* BannerSetUpExtension.swift in Sources */,
				D119279326464B9A00A2DE0F /* UIColorRGBExtension.swift in Sources */,
				D125B4932680E177000D7D88 /* HistoryDateCell.swift in Sources */,
				D1F92313267E5285000B4E46 /* HistoryViewController.swift in Sources */,
				D1D1E54525E6881600240268 /* SceneDelegate.swift in Sources */,
				D1BF9C24263A792E0056E4D2 /* CountAnimateLabel.swift in Sources */,
				D1F9231A267E6260000B4E46 /* ProjectColor.swift in Sources */,
			);
			runOnlyForDeploymentPostprocessing = 0;
		};
/* End PBXSourcesBuildPhase section */

/* Begin PBXVariantGroup section */
		D1D1E54825E6881600240268 /* Top.storyboard */ = {
			isa = PBXVariantGroup;
			children = (
				D1D1E54925E6881600240268 /* Base */,
			);
			name = Top.storyboard;
			sourceTree = "<group>";
		};
		D1D1E54D25E6881900240268 /* LaunchScreen.storyboard */ = {
			isa = PBXVariantGroup;
			children = (
				D1D1E54E25E6881900240268 /* Base */,
			);
			name = LaunchScreen.storyboard;
			sourceTree = "<group>";
		};
/* End PBXVariantGroup section */

/* Begin XCBuildConfiguration section */
		D1D1E55125E6881900240268 /* Debug */ = {
			isa = XCBuildConfiguration;
			buildSettings = {
				ALWAYS_SEARCH_USER_PATHS = NO;
				CLANG_ANALYZER_NONNULL = YES;
				CLANG_ANALYZER_NUMBER_OBJECT_CONVERSION = YES_AGGRESSIVE;
				CLANG_CXX_LANGUAGE_STANDARD = "gnu++14";
				CLANG_CXX_LIBRARY = "libc++";
				CLANG_ENABLE_MODULES = YES;
				CLANG_ENABLE_OBJC_ARC = YES;
				CLANG_ENABLE_OBJC_WEAK = YES;
				CLANG_WARN_BLOCK_CAPTURE_AUTORELEASING = YES;
				CLANG_WARN_BOOL_CONVERSION = YES;
				CLANG_WARN_COMMA = YES;
				CLANG_WARN_CONSTANT_CONVERSION = YES;
				CLANG_WARN_DEPRECATED_OBJC_IMPLEMENTATIONS = YES;
				CLANG_WARN_DIRECT_OBJC_ISA_USAGE = YES_ERROR;
				CLANG_WARN_DOCUMENTATION_COMMENTS = YES;
				CLANG_WARN_EMPTY_BODY = YES;
				CLANG_WARN_ENUM_CONVERSION = YES;
				CLANG_WARN_INFINITE_RECURSION = YES;
				CLANG_WARN_INT_CONVERSION = YES;
				CLANG_WARN_NON_LITERAL_NULL_CONVERSION = YES;
				CLANG_WARN_OBJC_IMPLICIT_RETAIN_SELF = YES;
				CLANG_WARN_OBJC_LITERAL_CONVERSION = YES;
				CLANG_WARN_OBJC_ROOT_CLASS = YES_ERROR;
				CLANG_WARN_QUOTED_INCLUDE_IN_FRAMEWORK_HEADER = YES;
				CLANG_WARN_RANGE_LOOP_ANALYSIS = YES;
				CLANG_WARN_STRICT_PROTOTYPES = YES;
				CLANG_WARN_SUSPICIOUS_MOVE = YES;
				CLANG_WARN_UNGUARDED_AVAILABILITY = YES_AGGRESSIVE;
				CLANG_WARN_UNREACHABLE_CODE = YES;
				CLANG_WARN__DUPLICATE_METHOD_MATCH = YES;
				COPY_PHASE_STRIP = NO;
				DEBUG_INFORMATION_FORMAT = dwarf;
				ENABLE_STRICT_OBJC_MSGSEND = YES;
				ENABLE_TESTABILITY = YES;
				GCC_C_LANGUAGE_STANDARD = gnu11;
				GCC_DYNAMIC_NO_PIC = NO;
				GCC_NO_COMMON_BLOCKS = YES;
				GCC_OPTIMIZATION_LEVEL = 0;
				GCC_PREPROCESSOR_DEFINITIONS = (
					"DEBUG=1",
					"$(inherited)",
				);
				GCC_WARN_64_TO_32_BIT_CONVERSION = YES;
				GCC_WARN_ABOUT_RETURN_TYPE = YES_ERROR;
				GCC_WARN_UNDECLARED_SELECTOR = YES;
				GCC_WARN_UNINITIALIZED_AUTOS = YES_AGGRESSIVE;
				GCC_WARN_UNUSED_FUNCTION = YES;
				GCC_WARN_UNUSED_VARIABLE = YES;
				IPHONEOS_DEPLOYMENT_TARGET = 14.4;
				MTL_ENABLE_DEBUG_INFO = INCLUDE_SOURCE;
				MTL_FAST_MATH = YES;
				ONLY_ACTIVE_ARCH = YES;
				SDKROOT = iphoneos;
				SWIFT_ACTIVE_COMPILATION_CONDITIONS = DEBUG;
				SWIFT_OPTIMIZATION_LEVEL = "-Onone";
			};
			name = Debug;
		};
		D1D1E55225E6881900240268 /* Release */ = {
			isa = XCBuildConfiguration;
			buildSettings = {
				ALWAYS_SEARCH_USER_PATHS = NO;
				CLANG_ANALYZER_NONNULL = YES;
				CLANG_ANALYZER_NUMBER_OBJECT_CONVERSION = YES_AGGRESSIVE;
				CLANG_CXX_LANGUAGE_STANDARD = "gnu++14";
				CLANG_CXX_LIBRARY = "libc++";
				CLANG_ENABLE_MODULES = YES;
				CLANG_ENABLE_OBJC_ARC = YES;
				CLANG_ENABLE_OBJC_WEAK = YES;
				CLANG_WARN_BLOCK_CAPTURE_AUTORELEASING = YES;
				CLANG_WARN_BOOL_CONVERSION = YES;
				CLANG_WARN_COMMA = YES;
				CLANG_WARN_CONSTANT_CONVERSION = YES;
				CLANG_WARN_DEPRECATED_OBJC_IMPLEMENTATIONS = YES;
				CLANG_WARN_DIRECT_OBJC_ISA_USAGE = YES_ERROR;
				CLANG_WARN_DOCUMENTATION_COMMENTS = YES;
				CLANG_WARN_EMPTY_BODY = YES;
				CLANG_WARN_ENUM_CONVERSION = YES;
				CLANG_WARN_INFINITE_RECURSION = YES;
				CLANG_WARN_INT_CONVERSION = YES;
				CLANG_WARN_NON_LITERAL_NULL_CONVERSION = YES;
				CLANG_WARN_OBJC_IMPLICIT_RETAIN_SELF = YES;
				CLANG_WARN_OBJC_LITERAL_CONVERSION = YES;
				CLANG_WARN_OBJC_ROOT_CLASS = YES_ERROR;
				CLANG_WARN_QUOTED_INCLUDE_IN_FRAMEWORK_HEADER = YES;
				CLANG_WARN_RANGE_LOOP_ANALYSIS = YES;
				CLANG_WARN_STRICT_PROTOTYPES = YES;
				CLANG_WARN_SUSPICIOUS_MOVE = YES;
				CLANG_WARN_UNGUARDED_AVAILABILITY = YES_AGGRESSIVE;
				CLANG_WARN_UNREACHABLE_CODE = YES;
				CLANG_WARN__DUPLICATE_METHOD_MATCH = YES;
				COPY_PHASE_STRIP = NO;
				DEBUG_INFORMATION_FORMAT = "dwarf-with-dsym";
				ENABLE_NS_ASSERTIONS = NO;
				ENABLE_STRICT_OBJC_MSGSEND = YES;
				GCC_C_LANGUAGE_STANDARD = gnu11;
				GCC_NO_COMMON_BLOCKS = YES;
				GCC_WARN_64_TO_32_BIT_CONVERSION = YES;
				GCC_WARN_ABOUT_RETURN_TYPE = YES_ERROR;
				GCC_WARN_UNDECLARED_SELECTOR = YES;
				GCC_WARN_UNINITIALIZED_AUTOS = YES_AGGRESSIVE;
				GCC_WARN_UNUSED_FUNCTION = YES;
				GCC_WARN_UNUSED_VARIABLE = YES;
				IPHONEOS_DEPLOYMENT_TARGET = 14.4;
				MTL_ENABLE_DEBUG_INFO = NO;
				MTL_FAST_MATH = YES;
				SDKROOT = iphoneos;
				SWIFT_COMPILATION_MODE = wholemodule;
				SWIFT_OPTIMIZATION_LEVEL = "-O";
				VALIDATE_PRODUCT = YES;
			};
			name = Release;
		};
		D1D1E55425E6881900240268 /* Debug */ = {
			isa = XCBuildConfiguration;
			baseConfigurationReference = 82B9EFE4432E8DBED5BC19DA /* Pods-6 to-do.debug.xcconfig */;
			buildSettings = {
				ASSETCATALOG_COMPILER_APPICON_NAME = AppIcon;
				ASSETCATALOG_COMPILER_GLOBAL_ACCENT_COLOR_NAME = AccentColor;
				CODE_SIGN_STYLE = Automatic;
				DEVELOPMENT_TEAM = N6VB623J2W;
				FRAMEWORK_SEARCH_PATHS = (
					"$(inherited)",
					"\"${PODS_CONFIGURATION_BUILD_DIR}/GoogleUtilities\"",
					"\"${PODS_CONFIGURATION_BUILD_DIR}/IQKeyboardManagerSwift\"",
					"\"${PODS_CONFIGURATION_BUILD_DIR}/PromisesObjC\"",
					"\"${PODS_CONFIGURATION_BUILD_DIR}/SwiftReorder\"",
					"\"${PODS_CONFIGURATION_BUILD_DIR}/nanopb\"",
					"\"${PODS_ROOT}/Google-Mobile-Ads-SDK/Frameworks/GoogleMobileAdsFramework-Current\"",
					"\"${PODS_ROOT}/GoogleAppMeasurement/Frameworks\"",
					"\"${PODS_ROOT}/GoogleUserMessagingPlatform/Frameworks/Release\"",
					"\"${PODS_XCFRAMEWORKS_BUILD_DIR}/GoogleAppMeasurement\"",
					"\"${PODS_XCFRAMEWORKS_BUILD_DIR}/GoogleMobileAds\"",
					"\"${PODS_XCFRAMEWORKS_BUILD_DIR}/UserMessagingPlatform\"",
					"${PODS_ROOT}/Google-Mobile-Ads-SDK/Frameworks",
				);
				INFOPLIST_FILE = "6 to-do/Info.plist";
				LD_RUNPATH_SEARCH_PATHS = (
					"$(inherited)",
					"@executable_path/Frameworks",
				);
				MARKETING_VERSION = 1.0.4;
				PRODUCT_BUNDLE_IDENTIFIER = jp.co.kousuke.6todo;
				PRODUCT_NAME = "$(TARGET_NAME)";
				SWIFT_VERSION = 5.0;
				TARGETED_DEVICE_FAMILY = "1,2";
			};
			name = Debug;
		};
		D1D1E55525E6881900240268 /* Release */ = {
			isa = XCBuildConfiguration;
			baseConfigurationReference = 3F722FA33765F24EAC1E1631 /* Pods-6 to-do.release.xcconfig */;
			buildSettings = {
				ASSETCATALOG_COMPILER_APPICON_NAME = AppIcon;
				ASSETCATALOG_COMPILER_GLOBAL_ACCENT_COLOR_NAME = AccentColor;
				CODE_SIGN_STYLE = Automatic;
				DEVELOPMENT_TEAM = N6VB623J2W;
				FRAMEWORK_SEARCH_PATHS = (
					"$(inherited)",
					"\"${PODS_CONFIGURATION_BUILD_DIR}/GoogleUtilities\"",
					"\"${PODS_CONFIGURATION_BUILD_DIR}/IQKeyboardManagerSwift\"",
					"\"${PODS_CONFIGURATION_BUILD_DIR}/PromisesObjC\"",
					"\"${PODS_CONFIGURATION_BUILD_DIR}/SwiftReorder\"",
					"\"${PODS_CONFIGURATION_BUILD_DIR}/nanopb\"",
					"\"${PODS_ROOT}/Google-Mobile-Ads-SDK/Frameworks/GoogleMobileAdsFramework-Current\"",
					"\"${PODS_ROOT}/GoogleAppMeasurement/Frameworks\"",
					"\"${PODS_ROOT}/GoogleUserMessagingPlatform/Frameworks/Release\"",
					"\"${PODS_XCFRAMEWORKS_BUILD_DIR}/GoogleAppMeasurement\"",
					"\"${PODS_XCFRAMEWORKS_BUILD_DIR}/GoogleMobileAds\"",
					"\"${PODS_XCFRAMEWORKS_BUILD_DIR}/UserMessagingPlatform\"",
					"${PODS_ROOT}/Google-Mobile-Ads-SDK/Frameworks",
				);
				INFOPLIST_FILE = "6 to-do/Info.plist";
				LD_RUNPATH_SEARCH_PATHS = (
					"$(inherited)",
					"@executable_path/Frameworks",
				);
				MARKETING_VERSION = 1.0.4;
				PRODUCT_BUNDLE_IDENTIFIER = jp.co.kousuke.6todo;
				PRODUCT_NAME = "$(TARGET_NAME)";
				SWIFT_VERSION = 5.0;
				TARGETED_DEVICE_FAMILY = "1,2";
			};
			name = Release;
		};
/* End XCBuildConfiguration section */

/* Begin XCConfigurationList section */
		D1D1E53A25E6881600240268 /* Build configuration list for PBXProject "6 to-do" */ = {
			isa = XCConfigurationList;
			buildConfigurations = (
				D1D1E55125E6881900240268 /* Debug */,
				D1D1E55225E6881900240268 /* Release */,
			);
			defaultConfigurationIsVisible = 0;
			defaultConfigurationName = Release;
		};
		D1D1E55325E6881900240268 /* Build configuration list for PBXNativeTarget "6 to-do" */ = {
			isa = XCConfigurationList;
			buildConfigurations = (
				D1D1E55425E6881900240268 /* Debug */,
				D1D1E55525E6881900240268 /* Release */,
			);
			defaultConfigurationIsVisible = 0;
			defaultConfigurationName = Release;
		};
/* End XCConfigurationList section */
	};
	rootObject = D1D1E53725E6881600240268 /* Project object */;
}
