// !$*UTF8*$!
{
	archiveVersion = 1;
	classes = {
	};
	objectVersion = 50;
	objects = {

/* Begin PBXBuildFile section */
		D1D1E54325E6881600240268 /* AppDelegate.swift in Sources */ = {isa = PBXBuildFile; fileRef = D1D1E54225E6881600240268 /* AppDelegate.swift */; };
		D1D1E54525E6881600240268 /* SceneDelegate.swift in Sources */ = {isa = PBXBuildFile; fileRef = D1D1E54425E6881600240268 /* SceneDelegate.swift */; };
		D1D1E54725E6881600240268 /* ViewController.swift in Sources */ = {isa = PBXBuildFile; fileRef = D1D1E54625E6881600240268 /* ViewController.swift */; };
		D1D1E54A25E6881600240268 /* Main.storyboard in Resources */ = {isa = PBXBuildFile; fileRef = D1D1E54825E6881600240268 /* Main.storyboard */; };
		D1D1E54C25E6881900240268 /* Assets.xcassets in Resources */ = {isa = PBXBuildFile; fileRef = D1D1E54B25E6881900240268 /* Assets.xcassets */; };
		D1D1E54F25E6881900240268 /* LaunchScreen.storyboard in Resources */ = {isa = PBXBuildFile; fileRef = D1D1E54D25E6881900240268 /* LaunchScreen.storyboard */; };
		D1D1E56025E68CAC00240268 /* NavigationController.swift in Sources */ = {isa = PBXBuildFile; fileRef = D1D1E55F25E68CAC00240268 /* NavigationController.swift */; };
		D1D1E56425E70E8400240268 /* InputViewController.swift in Sources */ = {isa = PBXBuildFile; fileRef = D1D1E56325E70E8400240268 /* InputViewController.swift */; };
		D1D1E56825E70E9D00240268 /* PriorityViewController.swift in Sources */ = {isa = PBXBuildFile; fileRef = D1D1E56725E70E9D00240268 /* PriorityViewController.swift */; };
		D1D1E56B25E70EA900240268 /* ConfilmViewController.swift in Sources */ = {isa = PBXBuildFile; fileRef = D1D1E56A25E70EA900240268 /* ConfilmViewController.swift */; };
		D1D1E56E25E70EBC00240268 /* SeeViewController.swift in Sources */ = {isa = PBXBuildFile; fileRef = D1D1E56D25E70EBC00240268 /* SeeViewController.swift */; };
		D1D1E57125E72EB900240268 /* memo.txt in Resources */ = {isa = PBXBuildFile; fileRef = D1D1E57025E72EB900240268 /* memo.txt */; };
		D1D1E57925E7307B00240268 /* TextInputViewController.swift in Sources */ = {isa = PBXBuildFile; fileRef = D1D1E57725E7307B00240268 /* TextInputViewController.swift */; };
		D1D1E58525E73C0000240268 /* TextInputCell.swift in Sources */ = {isa = PBXBuildFile; fileRef = D1D1E58325E73C0000240268 /* TextInputCell.swift */; };
		D1D1E58625E73C0000240268 /* TextInputCell.xib in Resources */ = {isa = PBXBuildFile; fileRef = D1D1E58425E73C0000240268 /* TextInputCell.xib */; };
		EBA07FEB11925B99C44449D7 /* Pods_6_to_do.framework in Frameworks */ = {isa = PBXBuildFile; fileRef = 5D7459AB387C7FE72C383FD9 /* Pods_6_to_do.framework */; };
/* End PBXBuildFile section */

/* Begin PBXFileReference section */
		3A7270BB56A0F23AE5776325 /* Pods-6 to-do.debug.xcconfig */ = {isa = PBXFileReference; includeInIndex = 1; lastKnownFileType = text.xcconfig; name = "Pods-6 to-do.debug.xcconfig"; path = "Target Support Files/Pods-6 to-do/Pods-6 to-do.debug.xcconfig"; sourceTree = "<group>"; };
		5D7459AB387C7FE72C383FD9 /* Pods_6_to_do.framework */ = {isa = PBXFileReference; explicitFileType = wrapper.framework; includeInIndex = 0; path = Pods_6_to_do.framework; sourceTree = BUILT_PRODUCTS_DIR; };
		B7746AB0486039069D804F89 /* Pods-6 to-do.release.xcconfig */ = {isa = PBXFileReference; includeInIndex = 1; lastKnownFileType = text.xcconfig; name = "Pods-6 to-do.release.xcconfig"; path = "Target Support Files/Pods-6 to-do/Pods-6 to-do.release.xcconfig"; sourceTree = "<group>"; };
		D1D1E53F25E6881600240268 /* 6 to-do.app */ = {isa = PBXFileReference; explicitFileType = wrapper.application; includeInIndex = 0; path = "6 to-do.app"; sourceTree = BUILT_PRODUCTS_DIR; };
		D1D1E54225E6881600240268 /* AppDelegate.swift */ = {isa = PBXFileReference; lastKnownFileType = sourcecode.swift; path = AppDelegate.swift; sourceTree = "<group>"; };
		D1D1E54425E6881600240268 /* SceneDelegate.swift */ = {isa = PBXFileReference; lastKnownFileType = sourcecode.swift; path = SceneDelegate.swift; sourceTree = "<group>"; };
		D1D1E54625E6881600240268 /* ViewController.swift */ = {isa = PBXFileReference; lastKnownFileType = sourcecode.swift; path = ViewController.swift; sourceTree = "<group>"; };
		D1D1E54925E6881600240268 /* Base */ = {isa = PBXFileReference; lastKnownFileType = file.storyboard; name = Base; path = Base.lproj/Main.storyboard; sourceTree = "<group>"; };
		D1D1E54B25E6881900240268 /* Assets.xcassets */ = {isa = PBXFileReference; lastKnownFileType = folder.assetcatalog; path = Assets.xcassets; sourceTree = "<group>"; };
		D1D1E54E25E6881900240268 /* Base */ = {isa = PBXFileReference; lastKnownFileType = file.storyboard; name = Base; path = Base.lproj/LaunchScreen.storyboard; sourceTree = "<group>"; };
		D1D1E55025E6881900240268 /* Info.plist */ = {isa = PBXFileReference; lastKnownFileType = text.plist.xml; path = Info.plist; sourceTree = "<group>"; };
		D1D1E55F25E68CAC00240268 /* NavigationController.swift */ = {isa = PBXFileReference; lastKnownFileType = sourcecode.swift; path = NavigationController.swift; sourceTree = "<group>"; };
		D1D1E56325E70E8400240268 /* InputViewController.swift */ = {isa = PBXFileReference; lastKnownFileType = sourcecode.swift; path = InputViewController.swift; sourceTree = "<group>"; };
		D1D1E56725E70E9D00240268 /* PriorityViewController.swift */ = {isa = PBXFileReference; lastKnownFileType = sourcecode.swift; path = PriorityViewController.swift; sourceTree = "<group>"; };
		D1D1E56A25E70EA900240268 /* ConfilmViewController.swift */ = {isa = PBXFileReference; lastKnownFileType = sourcecode.swift; path = ConfilmViewController.swift; sourceTree = "<group>"; };
		D1D1E56D25E70EBC00240268 /* SeeViewController.swift */ = {isa = PBXFileReference; lastKnownFileType = sourcecode.swift; path = SeeViewController.swift; sourceTree = "<group>"; };
		D1D1E57025E72EB900240268 /* memo.txt */ = {isa = PBXFileReference; lastKnownFileType = text; path = memo.txt; sourceTree = "<group>"; };
		D1D1E57725E7307B00240268 /* TextInputViewController.swift */ = {isa = PBXFileReference; lastKnownFileType = sourcecode.swift; path = TextInputViewController.swift; sourceTree = "<group>"; };
		D1D1E58325E73C0000240268 /* TextInputCell.swift */ = {isa = PBXFileReference; lastKnownFileType = sourcecode.swift; path = TextInputCell.swift; sourceTree = "<group>"; };
		D1D1E58425E73C0000240268 /* TextInputCell.xib */ = {isa = PBXFileReference; lastKnownFileType = file.xib; path = TextInputCell.xib; sourceTree = "<group>"; };
/* End PBXFileReference section */

/* Begin PBXFrameworksBuildPhase section */
		D1D1E53C25E6881600240268 /* Frameworks */ = {
			isa = PBXFrameworksBuildPhase;
			buildActionMask = 2147483647;
			files = (
				EBA07FEB11925B99C44449D7 /* Pods_6_to_do.framework in Frameworks */,
			);
			runOnlyForDeploymentPostprocessing = 0;
		};
/* End PBXFrameworksBuildPhase section */

/* Begin PBXGroup section */
		A25E1A6A119371225DE515C1 /* Frameworks */ = {
			isa = PBXGroup;
			children = (
				5D7459AB387C7FE72C383FD9 /* Pods_6_to_do.framework */,
			);
			name = Frameworks;
			sourceTree = "<group>";
		};
		BF45538490C2DF051BEE7457 /* Pods */ = {
			isa = PBXGroup;
			children = (
				3A7270BB56A0F23AE5776325 /* Pods-6 to-do.debug.xcconfig */,
				B7746AB0486039069D804F89 /* Pods-6 to-do.release.xcconfig */,
			);
			name = Pods;
			path = Pods;
			sourceTree = "<group>";
		};
		D1D1E53625E6881600240268 = {
			isa = PBXGroup;
			children = (
				D1D1E54125E6881600240268 /* 6 to-do */,
				D1D1E54025E6881600240268 /* Products */,
				BF45538490C2DF051BEE7457 /* Pods */,
				A25E1A6A119371225DE515C1 /* Frameworks */,
			);
			sourceTree = "<group>";
		};
		D1D1E54025E6881600240268 /* Products */ = {
			isa = PBXGroup;
			children = (
				D1D1E53F25E6881600240268 /* 6 to-do.app */,
			);
			name = Products;
			sourceTree = "<group>";
		};
		D1D1E54125E6881600240268 /* 6 to-do */ = {
			isa = PBXGroup;
			children = (
				D1D1E54225E6881600240268 /* AppDelegate.swift */,
				D1D1E54425E6881600240268 /* SceneDelegate.swift */,
				D1D1E55925E68B9900240268 /* C */,
				D1D1E54825E6881600240268 /* Main.storyboard */,
				D1D1E54B25E6881900240268 /* Assets.xcassets */,
				D1D1E54D25E6881900240268 /* LaunchScreen.storyboard */,
				D1D1E55025E6881900240268 /* Info.plist */,
				D1D1E57025E72EB900240268 /* memo.txt */,
			);
			path = "6 to-do";
			sourceTree = "<group>";
		};
		D1D1E55925E68B9900240268 /* C */ = {
			isa = PBXGroup;
			children = (
				D1D1E54625E6881600240268 /* ViewController.swift */,
				D1D1E55F25E68CAC00240268 /* NavigationController.swift */,
				D1D1E56325E70E8400240268 /* InputViewController.swift */,
				D1D1E56725E70E9D00240268 /* PriorityViewController.swift */,
				D1D1E56A25E70EA900240268 /* ConfilmViewController.swift */,
				D1D1E56D25E70EBC00240268 /* SeeViewController.swift */,
				D1D1E57725E7307B00240268 /* TextInputViewController.swift */,
				D1D1E58325E73C0000240268 /* TextInputCell.swift */,
				D1D1E58425E73C0000240268 /* TextInputCell.xib */,
			);
			path = C;
			sourceTree = "<group>";
		};
/* End PBXGroup section */

/* Begin PBXNativeTarget section */
		D1D1E53E25E6881600240268 /* 6 to-do */ = {
			isa = PBXNativeTarget;
			buildConfigurationList = D1D1E55325E6881900240268 /* Build configuration list for PBXNativeTarget "6 to-do" */;
			buildPhases = (
				5C8F7EEA7244880899DE55E6 /* [CP] Check Pods Manifest.lock */,
				D1D1E53B25E6881600240268 /* Sources */,
				D1D1E53C25E6881600240268 /* Frameworks */,
				D1D1E53D25E6881600240268 /* Resources */,
			);
			buildRules = (
			);
			dependencies = (
			);
			name = "6 to-do";
			productName = "6 to-do";
			productReference = D1D1E53F25E6881600240268 /* 6 to-do.app */;
			productType = "com.apple.product-type.application";
		};
/* End PBXNativeTarget section */

/* Begin PBXProject section */
		D1D1E53725E6881600240268 /* Project object */ = {
			isa = PBXProject;
			attributes = {
				LastSwiftUpdateCheck = 1240;
				LastUpgradeCheck = 1240;
				TargetAttributes = {
					D1D1E53E25E6881600240268 = {
						CreatedOnToolsVersion = 12.4;
					};
				};
			};
			buildConfigurationList = D1D1E53A25E6881600240268 /* Build configuration list for PBXProject "6 to-do" */;
			compatibilityVersion = "Xcode 9.3";
			developmentRegion = en;
			hasScannedForEncodings = 0;
			knownRegions = (
				en,
				Base,
			);
			mainGroup = D1D1E53625E6881600240268;
			productRefGroup = D1D1E54025E6881600240268 /* Products */;
			projectDirPath = "";
			projectRoot = "";
			targets = (
				D1D1E53E25E6881600240268 /* 6 to-do */,
			);
		};
/* End PBXProject section */

/* Begin PBXResourcesBuildPhase section */
		D1D1E53D25E6881600240268 /* Resources */ = {
			isa = PBXResourcesBuildPhase;
			buildActionMask = 2147483647;
			files = (
				D1D1E57125E72EB900240268 /* memo.txt in Resources */,
				D1D1E54F25E6881900240268 /* LaunchScreen.storyboard in Resources */,
				D1D1E54C25E6881900240268 /* Assets.xcassets in Resources */,
				D1D1E54A25E6881600240268 /* Main.storyboard in Resources */,
				D1D1E58625E73C0000240268 /* TextInputCell.xib in Resources */,
			);
			runOnlyForDeploymentPostprocessing = 0;
		};
/* End PBXResourcesBuildPhase section */

/* Begin PBXShellScriptBuildPhase section */
		5C8F7EEA7244880899DE55E6 /* [CP] Check Pods Manifest.lock */ = {
			isa = PBXShellScriptBuildPhase;
			buildActionMask = 2147483647;
			files = (
			);
			inputFileListPaths = (
			);
			inputPaths = (
				"${PODS_PODFILE_DIR_PATH}/Podfile.lock",
				"${PODS_ROOT}/Manifest.lock",
			);
			name = "[CP] Check Pods Manifest.lock";
			outputFileListPaths = (
			);
			outputPaths = (
				"$(DERIVED_FILE_DIR)/Pods-6 to-do-checkManifestLockResult.txt",
			);
			runOnlyForDeploymentPostprocessing = 0;
			shellPath = /bin/sh;
			shellScript = "diff \"${PODS_PODFILE_DIR_PATH}/Podfile.lock\" \"${PODS_ROOT}/Manifest.lock\" > /dev/null\nif [ $? != 0 ] ; then\n    # print error to STDERR\n    echo \"error: The sandbox is not in sync with the Podfile.lock. Run 'pod install' or update your CocoaPods installation.\" >&2\n    exit 1\nfi\n# This output is used by Xcode 'outputs' to avoid re-running this script phase.\necho \"SUCCESS\" > \"${SCRIPT_OUTPUT_FILE_0}\"\n";
			showEnvVarsInLog = 0;
		};
/* End PBXShellScriptBuildPhase section */

/* Begin PBXSourcesBuildPhase section */
		D1D1E53B25E6881600240268 /* Sources */ = {
			isa = PBXSourcesBuildPhase;
			buildActionMask = 2147483647;
			files = (
				D1D1E54725E6881600240268 /* ViewController.swift in Sources */,
				D1D1E56425E70E8400240268 /* InputViewController.swift in Sources */,
				D1D1E56B25E70EA900240268 /* ConfilmViewController.swift in Sources */,
				D1D1E58525E73C0000240268 /* TextInputCell.swift in Sources */,
				D1D1E56825E70E9D00240268 /* PriorityViewController.swift in Sources */,
				D1D1E57925E7307B00240268 /* TextInputViewController.swift in Sources */,
				D1D1E56025E68CAC00240268 /* NavigationController.swift in Sources */,
				D1D1E54325E6881600240268 /* AppDelegate.swift in Sources */,
				D1D1E56E25E70EBC00240268 /* SeeViewController.swift in Sources */,
				D1D1E54525E6881600240268 /* SceneDelegate.swift in Sources */,
			);
			runOnlyForDeploymentPostprocessing = 0;
		};
/* End PBXSourcesBuildPhase section */

/* Begin PBXVariantGroup section */
		D1D1E54825E6881600240268 /* Main.storyboard */ = {
			isa = PBXVariantGroup;
			children = (
				D1D1E54925E6881600240268 /* Base */,
			);
			name = Main.storyboard;
			sourceTree = "<group>";
		};
		D1D1E54D25E6881900240268 /* LaunchScreen.storyboard */ = {
			isa = PBXVariantGroup;
			children = (
				D1D1E54E25E6881900240268 /* Base */,
			);
			name = LaunchScreen.storyboard;
			sourceTree = "<group>";
		};
/* End PBXVariantGroup section */

/* Begin XCBuildConfiguration section */
		D1D1E55125E6881900240268 /* Debug */ = {
			isa = XCBuildConfiguration;
			buildSettings = {
				ALWAYS_SEARCH_USER_PATHS = NO;
				CLANG_ANALYZER_NONNULL = YES;
				CLANG_ANALYZER_NUMBER_OBJECT_CONVERSION = YES_AGGRESSIVE;
				CLANG_CXX_LANGUAGE_STANDARD = "gnu++14";
				CLANG_CXX_LIBRARY = "libc++";
				CLANG_ENABLE_MODULES = YES;
				CLANG_ENABLE_OBJC_ARC = YES;
				CLANG_ENABLE_OBJC_WEAK = YES;
				CLANG_WARN_BLOCK_CAPTURE_AUTORELEASING = YES;
				CLANG_WARN_BOOL_CONVERSION = YES;
				CLANG_WARN_COMMA = YES;
				CLANG_WARN_CONSTANT_CONVERSION = YES;
				CLANG_WARN_DEPRECATED_OBJC_IMPLEMENTATIONS = YES;
				CLANG_WARN_DIRECT_OBJC_ISA_USAGE = YES_ERROR;
				CLANG_WARN_DOCUMENTATION_COMMENTS = YES;
				CLANG_WARN_EMPTY_BODY = YES;
				CLANG_WARN_ENUM_CONVERSION = YES;
				CLANG_WARN_INFINITE_RECURSION = YES;
				CLANG_WARN_INT_CONVERSION = YES;
				CLANG_WARN_NON_LITERAL_NULL_CONVERSION = YES;
				CLANG_WARN_OBJC_IMPLICIT_RETAIN_SELF = YES;
				CLANG_WARN_OBJC_LITERAL_CONVERSION = YES;
				CLANG_WARN_OBJC_ROOT_CLASS = YES_ERROR;
				CLANG_WARN_QUOTED_INCLUDE_IN_FRAMEWORK_HEADER = YES;
				CLANG_WARN_RANGE_LOOP_ANALYSIS = YES;
				CLANG_WARN_STRICT_PROTOTYPES = YES;
				CLANG_WARN_SUSPICIOUS_MOVE = YES;
				CLANG_WARN_UNGUARDED_AVAILABILITY = YES_AGGRESSIVE;
				CLANG_WARN_UNREACHABLE_CODE = YES;
				CLANG_WARN__DUPLICATE_METHOD_MATCH = YES;
				COPY_PHASE_STRIP = NO;
				DEBUG_INFORMATION_FORMAT = dwarf;
				ENABLE_STRICT_OBJC_MSGSEND = YES;
				ENABLE_TESTABILITY = YES;
				GCC_C_LANGUAGE_STANDARD = gnu11;
				GCC_DYNAMIC_NO_PIC = NO;
				GCC_NO_COMMON_BLOCKS = YES;
				GCC_OPTIMIZATION_LEVEL = 0;
				GCC_PREPROCESSOR_DEFINITIONS = (
					"DEBUG=1",
					"$(inherited)",
				);
				GCC_WARN_64_TO_32_BIT_CONVERSION = YES;
				GCC_WARN_ABOUT_RETURN_TYPE = YES_ERROR;
				GCC_WARN_UNDECLARED_SELECTOR = YES;
				GCC_WARN_UNINITIALIZED_AUTOS = YES_AGGRESSIVE;
				GCC_WARN_UNUSED_FUNCTION = YES;
				GCC_WARN_UNUSED_VARIABLE = YES;
				IPHONEOS_DEPLOYMENT_TARGET = 14.4;
				MTL_ENABLE_DEBUG_INFO = INCLUDE_SOURCE;
				MTL_FAST_MATH = YES;
				ONLY_ACTIVE_ARCH = YES;
				SDKROOT = iphoneos;
				SWIFT_ACTIVE_COMPILATION_CONDITIONS = DEBUG;
				SWIFT_OPTIMIZATION_LEVEL = "-Onone";
			};
			name = Debug;
		};
		D1D1E55225E6881900240268 /* Release */ = {
			isa = XCBuildConfiguration;
			buildSettings = {
				ALWAYS_SEARCH_USER_PATHS = NO;
				CLANG_ANALYZER_NONNULL = YES;
				CLANG_ANALYZER_NUMBER_OBJECT_CONVERSION = YES_AGGRESSIVE;
				CLANG_CXX_LANGUAGE_STANDARD = "gnu++14";
				CLANG_CXX_LIBRARY = "libc++";
				CLANG_ENABLE_MODULES = YES;
				CLANG_ENABLE_OBJC_ARC = YES;
				CLANG_ENABLE_OBJC_WEAK = YES;
				CLANG_WARN_BLOCK_CAPTURE_AUTORELEASING = YES;
				CLANG_WARN_BOOL_CONVERSION = YES;
				CLANG_WARN_COMMA = YES;
				CLANG_WARN_CONSTANT_CONVERSION = YES;
				CLANG_WARN_DEPRECATED_OBJC_IMPLEMENTATIONS = YES;
				CLANG_WARN_DIRECT_OBJC_ISA_USAGE = YES_ERROR;
				CLANG_WARN_DOCUMENTATION_COMMENTS = YES;
				CLANG_WARN_EMPTY_BODY = YES;
				CLANG_WARN_ENUM_CONVERSION = YES;
				CLANG_WARN_INFINITE_RECURSION = YES;
				CLANG_WARN_INT_CONVERSION = YES;
				CLANG_WARN_NON_LITERAL_NULL_CONVERSION = YES;
				CLANG_WARN_OBJC_IMPLICIT_RETAIN_SELF = YES;
				CLANG_WARN_OBJC_LITERAL_CONVERSION = YES;
				CLANG_WARN_OBJC_ROOT_CLASS = YES_ERROR;
				CLANG_WARN_QUOTED_INCLUDE_IN_FRAMEWORK_HEADER = YES;
				CLANG_WARN_RANGE_LOOP_ANALYSIS = YES;
				CLANG_WARN_STRICT_PROTOTYPES = YES;
				CLANG_WARN_SUSPICIOUS_MOVE = YES;
				CLANG_WARN_UNGUARDED_AVAILABILITY = YES_AGGRESSIVE;
				CLANG_WARN_UNREACHABLE_CODE = YES;
				CLANG_WARN__DUPLICATE_METHOD_MATCH = YES;
				COPY_PHASE_STRIP = NO;
				DEBUG_INFORMATION_FORMAT = "dwarf-with-dsym";
				ENABLE_NS_ASSERTIONS = NO;
				ENABLE_STRICT_OBJC_MSGSEND = YES;
				GCC_C_LANGUAGE_STANDARD = gnu11;
				GCC_NO_COMMON_BLOCKS = YES;
				GCC_WARN_64_TO_32_BIT_CONVERSION = YES;
				GCC_WARN_ABOUT_RETURN_TYPE = YES_ERROR;
				GCC_WARN_UNDECLARED_SELECTOR = YES;
				GCC_WARN_UNINITIALIZED_AUTOS = YES_AGGRESSIVE;
				GCC_WARN_UNUSED_FUNCTION = YES;
				GCC_WARN_UNUSED_VARIABLE = YES;
				IPHONEOS_DEPLOYMENT_TARGET = 14.4;
				MTL_ENABLE_DEBUG_INFO = NO;
				MTL_FAST_MATH = YES;
				SDKROOT = iphoneos;
				SWIFT_COMPILATION_MODE = wholemodule;
				SWIFT_OPTIMIZATION_LEVEL = "-O";
				VALIDATE_PRODUCT = YES;
			};
			name = Release;
		};
		D1D1E55425E6881900240268 /* Debug */ = {
			isa = XCBuildConfiguration;
			baseConfigurationReference = 3A7270BB56A0F23AE5776325 /* Pods-6 to-do.debug.xcconfig */;
			buildSettings = {
				ASSETCATALOG_COMPILER_APPICON_NAME = AppIcon;
				ASSETCATALOG_COMPILER_GLOBAL_ACCENT_COLOR_NAME = AccentColor;
				CODE_SIGN_STYLE = Automatic;
				DEVELOPMENT_TEAM = N6VB623J2W;
				INFOPLIST_FILE = "6 to-do/Info.plist";
				LD_RUNPATH_SEARCH_PATHS = (
					"$(inherited)",
					"@executable_path/Frameworks",
				);
				PRODUCT_BUNDLE_IDENTIFIER = "com.google.--to-do";
				PRODUCT_NAME = "$(TARGET_NAME)";
				SWIFT_VERSION = 5.0;
				TARGETED_DEVICE_FAMILY = "1,2";
			};
			name = Debug;
		};
		D1D1E55525E6881900240268 /* Release */ = {
			isa = XCBuildConfiguration;
			baseConfigurationReference = B7746AB0486039069D804F89 /* Pods-6 to-do.release.xcconfig */;
			buildSettings = {
				ASSETCATALOG_COMPILER_APPICON_NAME = AppIcon;
				ASSETCATALOG_COMPILER_GLOBAL_ACCENT_COLOR_NAME = AccentColor;
				CODE_SIGN_STYLE = Automatic;
				DEVELOPMENT_TEAM = N6VB623J2W;
				INFOPLIST_FILE = "6 to-do/Info.plist";
				LD_RUNPATH_SEARCH_PATHS = (
					"$(inherited)",
					"@executable_path/Frameworks",
				);
				PRODUCT_BUNDLE_IDENTIFIER = "com.google.--to-do";
				PRODUCT_NAME = "$(TARGET_NAME)";
				SWIFT_VERSION = 5.0;
				TARGETED_DEVICE_FAMILY = "1,2";
			};
			name = Release;
		};
/* End XCBuildConfiguration section */

/* Begin XCConfigurationList section */
		D1D1E53A25E6881600240268 /* Build configuration list for PBXProject "6 to-do" */ = {
			isa = XCConfigurationList;
			buildConfigurations = (
				D1D1E55125E6881900240268 /* Debug */,
				D1D1E55225E6881900240268 /* Release */,
			);
			defaultConfigurationIsVisible = 0;
			defaultConfigurationName = Release;
		};
		D1D1E55325E6881900240268 /* Build configuration list for PBXNativeTarget "6 to-do" */ = {
			isa = XCConfigurationList;
			buildConfigurations = (
				D1D1E55425E6881900240268 /* Debug */,
				D1D1E55525E6881900240268 /* Release */,
			);
			defaultConfigurationIsVisible = 0;
			defaultConfigurationName = Release;
		};
/* End XCConfigurationList section */
	};
	rootObject = D1D1E53725E6881600240268 /* Project object */;
}
